
Microsoft Visual Studio Solution File, Format Version 12.00
# Visual Studio Version 17
VisualStudioVersion = 17.1.31903.286
MinimumVisualStudioVersion = 10.0.40219.1
Project("{2150E333-8FDC-42A3-9474-1A3956D46DE8}") = "Source", "Source", "{A940DD92-C7C4-4FE1-AC92-0610DFC5368A}"
EndProject
Project("{9A19103F-16F7-4668-BE54-9A1E7A4F7556}") = "SharpNote", "Source\SharpNote\SharpNote.csproj", "{4F751DAA-09C7-4799-9AA1-441F4210BAE5}"
EndProject
Project("{9A19103F-16F7-4668-BE54-9A1E7A4F7556}") = "SharpNote.ViewModels", "Source\SharpNote.ViewModels\SharpNote.ViewModels.csproj", "{7AB929E2-FD3D-4A21-9BD5-80979B964D01}"
EndProject
Project("{9A19103F-16F7-4668-BE54-9A1E7A4F7556}") = "SharpNote.Services", "Source\SharpNote.Services\SharpNote.Services\SharpNote.Services.csproj", "{36B72ED1-B5A1-48FA-977C-FC75B7B005C9}"
EndProject
Project("{2150E333-8FDC-42A3-9474-1A3956D46DE8}") = "Services", "Services", "{E4FBDF5A-193E-4929-A259-4243717CF31C}"
EndProject
Project("{2150E333-8FDC-42A3-9474-1A3956D46DE8}") = "Views", "Views", "{22F75DEF-09B0-4EFE-AE03-A7F226BBCDFB}"
EndProject
Project("{2150E333-8FDC-42A3-9474-1A3956D46DE8}") = "ViewModels", "ViewModels", "{10BDC324-E33A-40B3-BA33-B0792E92E694}"
EndProject
Project("{9A19103F-16F7-4668-BE54-9A1E7A4F7556}") = "SharpNote.Services.Abstractions", "Source\SharpNote.Services\SharpNote.Services.Abstractions\SharpNote.Services.Abstractions.csproj", "{F10626E3-B9A3-4233-89B7-B78F3472596D}"
EndProject
Project("{9A19103F-16F7-4668-BE54-9A1E7A4F7556}") = "SharpNote.Core", "Source\SharpNote.Core\SharpNote.Core.csproj", "{37C6F0C3-DA89-406F-BC6A-23A8AC0BDAE6}"
EndProject
Project("{9A19103F-16F7-4668-BE54-9A1E7A4F7556}") = "SharpNote.Editor", "Source\SharpNote.Editor\SharpNote.Editor.csproj", "{DFE8D085-B8CA-4533-B8ED-8CB8B8C82E00}"
EndProject
Project("{9A19103F-16F7-4668-BE54-9A1E7A4F7556}") = "SharpNote.Views.Core", "Source\SharpNote.Views.Core\SharpNote.Views.Core.csproj", "{C913922F-9CB6-4C2E-A35E-1AAD2906B605}"
EndProject
Project("{9A19103F-16F7-4668-BE54-9A1E7A4F7556}") = "SharpNote.ViewModels.Core", "Source\SharpNote.ViewModels.Core\SharpNote.ViewModels.Core.csproj", "{04499597-D3E7-4DCA-B07D-8F03F6A3EB19}"
EndProject
Project("{2150E333-8FDC-42A3-9474-1A3956D46DE8}") = "Models", "Models", "{07A5F0BB-24B1-4C81-91E5-40D127C6ED41}"
EndProject
Project("{9A19103F-16F7-4668-BE54-9A1E7A4F7556}") = "SharpNote.Models", "Source\SharpNote.Models\SharpNote.Models.csproj", "{C2305909-70C6-4487-B241-3E852B6A16F2}"
EndProject
Project("{9A19103F-16F7-4668-BE54-9A1E7A4F7556}") = "SharpNote.Models.Abstractions", "Source\SharpNote.Models.Abstractions\SharpNote.Models.Abstractions.csproj", "{DCE22903-705D-4A7E-8C65-B088BEB29373}"
EndProject
Global
	GlobalSection(SolutionConfigurationPlatforms) = preSolution
		Debug|Any CPU = Debug|Any CPU
		Debug|arm64 = Debug|arm64
		Debug|x64 = Debug|x64
		Debug|x86 = Debug|x86
		Release|Any CPU = Release|Any CPU
		Release|arm64 = Release|arm64
		Release|x64 = Release|x64
		Release|x86 = Release|x86
	EndGlobalSection
	GlobalSection(ProjectConfigurationPlatforms) = postSolution
		{4F751DAA-09C7-4799-9AA1-441F4210BAE5}.Debug|Any CPU.ActiveCfg = Debug|Any CPU
		{4F751DAA-09C7-4799-9AA1-441F4210BAE5}.Debug|Any CPU.Build.0 = Debug|Any CPU
		{4F751DAA-09C7-4799-9AA1-441F4210BAE5}.Debug|arm64.ActiveCfg = Debug|Any CPU
		{4F751DAA-09C7-4799-9AA1-441F4210BAE5}.Debug|arm64.Build.0 = Debug|Any CPU
		{4F751DAA-09C7-4799-9AA1-441F4210BAE5}.Debug|x64.ActiveCfg = Debug|Any CPU
		{4F751DAA-09C7-4799-9AA1-441F4210BAE5}.Debug|x64.Build.0 = Debug|Any CPU
		{4F751DAA-09C7-4799-9AA1-441F4210BAE5}.Debug|x86.ActiveCfg = Debug|Any CPU
		{4F751DAA-09C7-4799-9AA1-441F4210BAE5}.Debug|x86.Build.0 = Debug|Any CPU
		{4F751DAA-09C7-4799-9AA1-441F4210BAE5}.Release|Any CPU.ActiveCfg = Release|Any CPU
		{4F751DAA-09C7-4799-9AA1-441F4210BAE5}.Release|Any CPU.Build.0 = Release|Any CPU
		{4F751DAA-09C7-4799-9AA1-441F4210BAE5}.Release|arm64.ActiveCfg = Release|Any CPU
		{4F751DAA-09C7-4799-9AA1-441F4210BAE5}.Release|arm64.Build.0 = Release|Any CPU
		{4F751DAA-09C7-4799-9AA1-441F4210BAE5}.Release|x64.ActiveCfg = Release|Any CPU
		{4F751DAA-09C7-4799-9AA1-441F4210BAE5}.Release|x64.Build.0 = Release|Any CPU
		{4F751DAA-09C7-4799-9AA1-441F4210BAE5}.Release|x86.ActiveCfg = Release|Any CPU
		{4F751DAA-09C7-4799-9AA1-441F4210BAE5}.Release|x86.Build.0 = Release|Any CPU
		{7AB929E2-FD3D-4A21-9BD5-80979B964D01}.Debug|Any CPU.ActiveCfg = Debug|Any CPU
		{7AB929E2-FD3D-4A21-9BD5-80979B964D01}.Debug|Any CPU.Build.0 = Debug|Any CPU
		{7AB929E2-FD3D-4A21-9BD5-80979B964D01}.Debug|arm64.ActiveCfg = Debug|Any CPU
		{7AB929E2-FD3D-4A21-9BD5-80979B964D01}.Debug|arm64.Build.0 = Debug|Any CPU
		{7AB929E2-FD3D-4A21-9BD5-80979B964D01}.Debug|x64.ActiveCfg = Debug|Any CPU
		{7AB929E2-FD3D-4A21-9BD5-80979B964D01}.Debug|x64.Build.0 = Debug|Any CPU
		{7AB929E2-FD3D-4A21-9BD5-80979B964D01}.Debug|x86.ActiveCfg = Debug|Any CPU
		{7AB929E2-FD3D-4A21-9BD5-80979B964D01}.Debug|x86.Build.0 = Debug|Any CPU
		{7AB929E2-FD3D-4A21-9BD5-80979B964D01}.Release|Any CPU.ActiveCfg = Release|Any CPU
		{7AB929E2-FD3D-4A21-9BD5-80979B964D01}.Release|Any CPU.Build.0 = Release|Any CPU
		{7AB929E2-FD3D-4A21-9BD5-80979B964D01}.Release|arm64.ActiveCfg = Release|Any CPU
		{7AB929E2-FD3D-4A21-9BD5-80979B964D01}.Release|arm64.Build.0 = Release|Any CPU
		{7AB929E2-FD3D-4A21-9BD5-80979B964D01}.Release|x64.ActiveCfg = Release|Any CPU
		{7AB929E2-FD3D-4A21-9BD5-80979B964D01}.Release|x64.Build.0 = Release|Any CPU
		{7AB929E2-FD3D-4A21-9BD5-80979B964D01}.Release|x86.ActiveCfg = Release|Any CPU
		{7AB929E2-FD3D-4A21-9BD5-80979B964D01}.Release|x86.Build.0 = Release|Any CPU
		{36B72ED1-B5A1-48FA-977C-FC75B7B005C9}.Debug|Any CPU.ActiveCfg = Debug|Any CPU
		{36B72ED1-B5A1-48FA-977C-FC75B7B005C9}.Debug|Any CPU.Build.0 = Debug|Any CPU
		{36B72ED1-B5A1-48FA-977C-FC75B7B005C9}.Debug|arm64.ActiveCfg = Debug|Any CPU
		{36B72ED1-B5A1-48FA-977C-FC75B7B005C9}.Debug|arm64.Build.0 = Debug|Any CPU
		{36B72ED1-B5A1-48FA-977C-FC75B7B005C9}.Debug|x64.ActiveCfg = Debug|Any CPU
		{36B72ED1-B5A1-48FA-977C-FC75B7B005C9}.Debug|x64.Build.0 = Debug|Any CPU
		{36B72ED1-B5A1-48FA-977C-FC75B7B005C9}.Debug|x86.ActiveCfg = Debug|Any CPU
		{36B72ED1-B5A1-48FA-977C-FC75B7B005C9}.Debug|x86.Build.0 = Debug|Any CPU
		{36B72ED1-B5A1-48FA-977C-FC75B7B005C9}.Release|Any CPU.ActiveCfg = Release|Any CPU
		{36B72ED1-B5A1-48FA-977C-FC75B7B005C9}.Release|Any CPU.Build.0 = Release|Any CPU
		{36B72ED1-B5A1-48FA-977C-FC75B7B005C9}.Release|arm64.ActiveCfg = Release|Any CPU
		{36B72ED1-B5A1-48FA-977C-FC75B7B005C9}.Release|arm64.Build.0 = Release|Any CPU
		{36B72ED1-B5A1-48FA-977C-FC75B7B005C9}.Release|x64.ActiveCfg = Release|Any CPU
		{36B72ED1-B5A1-48FA-977C-FC75B7B005C9}.Release|x64.Build.0 = Release|Any CPU
		{36B72ED1-B5A1-48FA-977C-FC75B7B005C9}.Release|x86.ActiveCfg = Release|Any CPU
		{36B72ED1-B5A1-48FA-977C-FC75B7B005C9}.Release|x86.Build.0 = Release|Any CPU
		{F10626E3-B9A3-4233-89B7-B78F3472596D}.Debug|Any CPU.ActiveCfg = Debug|Any CPU
		{F10626E3-B9A3-4233-89B7-B78F3472596D}.Debug|Any CPU.Build.0 = Debug|Any CPU
		{F10626E3-B9A3-4233-89B7-B78F3472596D}.Debug|arm64.ActiveCfg = Debug|Any CPU
		{F10626E3-B9A3-4233-89B7-B78F3472596D}.Debug|arm64.Build.0 = Debug|Any CPU
		{F10626E3-B9A3-4233-89B7-B78F3472596D}.Debug|x64.ActiveCfg = Debug|Any CPU
		{F10626E3-B9A3-4233-89B7-B78F3472596D}.Debug|x64.Build.0 = Debug|Any CPU
		{F10626E3-B9A3-4233-89B7-B78F3472596D}.Debug|x86.ActiveCfg = Debug|Any CPU
		{F10626E3-B9A3-4233-89B7-B78F3472596D}.Debug|x86.Build.0 = Debug|Any CPU
		{F10626E3-B9A3-4233-89B7-B78F3472596D}.Release|Any CPU.ActiveCfg = Release|Any CPU
		{F10626E3-B9A3-4233-89B7-B78F3472596D}.Release|Any CPU.Build.0 = Release|Any CPU
		{F10626E3-B9A3-4233-89B7-B78F3472596D}.Release|arm64.ActiveCfg = Release|Any CPU
		{F10626E3-B9A3-4233-89B7-B78F3472596D}.Release|arm64.Build.0 = Release|Any CPU
		{F10626E3-B9A3-4233-89B7-B78F3472596D}.Release|x64.ActiveCfg = Release|Any CPU
		{F10626E3-B9A3-4233-89B7-B78F3472596D}.Release|x64.Build.0 = Release|Any CPU
		{F10626E3-B9A3-4233-89B7-B78F3472596D}.Release|x86.ActiveCfg = Release|Any CPU
		{F10626E3-B9A3-4233-89B7-B78F3472596D}.Release|x86.Build.0 = Release|Any CPU
		{37C6F0C3-DA89-406F-BC6A-23A8AC0BDAE6}.Debug|Any CPU.ActiveCfg = Debug|Any CPU
		{37C6F0C3-DA89-406F-BC6A-23A8AC0BDAE6}.Debug|Any CPU.Build.0 = Debug|Any CPU
		{37C6F0C3-DA89-406F-BC6A-23A8AC0BDAE6}.Debug|arm64.ActiveCfg = Debug|Any CPU
		{37C6F0C3-DA89-406F-BC6A-23A8AC0BDAE6}.Debug|arm64.Build.0 = Debug|Any CPU
		{37C6F0C3-DA89-406F-BC6A-23A8AC0BDAE6}.Debug|x64.ActiveCfg = Debug|Any CPU
		{37C6F0C3-DA89-406F-BC6A-23A8AC0BDAE6}.Debug|x64.Build.0 = Debug|Any CPU
		{37C6F0C3-DA89-406F-BC6A-23A8AC0BDAE6}.Debug|x86.ActiveCfg = Debug|Any CPU
		{37C6F0C3-DA89-406F-BC6A-23A8AC0BDAE6}.Debug|x86.Build.0 = Debug|Any CPU
		{37C6F0C3-DA89-406F-BC6A-23A8AC0BDAE6}.Release|Any CPU.ActiveCfg = Release|Any CPU
		{37C6F0C3-DA89-406F-BC6A-23A8AC0BDAE6}.Release|Any CPU.Build.0 = Release|Any CPU
		{37C6F0C3-DA89-406F-BC6A-23A8AC0BDAE6}.Release|arm64.ActiveCfg = Release|Any CPU
		{37C6F0C3-DA89-406F-BC6A-23A8AC0BDAE6}.Release|arm64.Build.0 = Release|Any CPU
		{37C6F0C3-DA89-406F-BC6A-23A8AC0BDAE6}.Release|x64.ActiveCfg = Release|Any CPU
		{37C6F0C3-DA89-406F-BC6A-23A8AC0BDAE6}.Release|x64.Build.0 = Release|Any CPU
		{37C6F0C3-DA89-406F-BC6A-23A8AC0BDAE6}.Release|x86.ActiveCfg = Release|Any CPU
		{37C6F0C3-DA89-406F-BC6A-23A8AC0BDAE6}.Release|x86.Build.0 = Release|Any CPU
		{DFE8D085-B8CA-4533-B8ED-8CB8B8C82E00}.Debug|Any CPU.ActiveCfg = Debug|Any CPU
		{DFE8D085-B8CA-4533-B8ED-8CB8B8C82E00}.Debug|Any CPU.Build.0 = Debug|Any CPU
		{DFE8D085-B8CA-4533-B8ED-8CB8B8C82E00}.Debug|arm64.ActiveCfg = Debug|Any CPU
		{DFE8D085-B8CA-4533-B8ED-8CB8B8C82E00}.Debug|arm64.Build.0 = Debug|Any CPU
		{DFE8D085-B8CA-4533-B8ED-8CB8B8C82E00}.Debug|x64.ActiveCfg = Debug|Any CPU
		{DFE8D085-B8CA-4533-B8ED-8CB8B8C82E00}.Debug|x64.Build.0 = Debug|Any CPU
		{DFE8D085-B8CA-4533-B8ED-8CB8B8C82E00}.Debug|x86.ActiveCfg = Debug|Any CPU
		{DFE8D085-B8CA-4533-B8ED-8CB8B8C82E00}.Debug|x86.Build.0 = Debug|Any CPU
		{DFE8D085-B8CA-4533-B8ED-8CB8B8C82E00}.Release|Any CPU.ActiveCfg = Release|Any CPU
		{DFE8D085-B8CA-4533-B8ED-8CB8B8C82E00}.Release|Any CPU.Build.0 = Release|Any CPU
		{DFE8D085-B8CA-4533-B8ED-8CB8B8C82E00}.Release|arm64.ActiveCfg = Release|Any CPU
		{DFE8D085-B8CA-4533-B8ED-8CB8B8C82E00}.Release|arm64.Build.0 = Release|Any CPU
		{DFE8D085-B8CA-4533-B8ED-8CB8B8C82E00}.Release|x64.ActiveCfg = Release|Any CPU
		{DFE8D085-B8CA-4533-B8ED-8CB8B8C82E00}.Release|x64.Build.0 = Release|Any CPU
		{DFE8D085-B8CA-4533-B8ED-8CB8B8C82E00}.Release|x86.ActiveCfg = Release|Any CPU
		{DFE8D085-B8CA-4533-B8ED-8CB8B8C82E00}.Release|x86.Build.0 = Release|Any CPU
		{C913922F-9CB6-4C2E-A35E-1AAD2906B605}.Debug|Any CPU.ActiveCfg = Debug|Any CPU
		{C913922F-9CB6-4C2E-A35E-1AAD2906B605}.Debug|Any CPU.Build.0 = Debug|Any CPU
		{C913922F-9CB6-4C2E-A35E-1AAD2906B605}.Debug|arm64.ActiveCfg = Debug|Any CPU
		{C913922F-9CB6-4C2E-A35E-1AAD2906B605}.Debug|arm64.Build.0 = Debug|Any CPU
		{C913922F-9CB6-4C2E-A35E-1AAD2906B605}.Debug|x64.ActiveCfg = Debug|Any CPU
		{C913922F-9CB6-4C2E-A35E-1AAD2906B605}.Debug|x64.Build.0 = Debug|Any CPU
		{C913922F-9CB6-4C2E-A35E-1AAD2906B605}.Debug|x86.ActiveCfg = Debug|Any CPU
		{C913922F-9CB6-4C2E-A35E-1AAD2906B605}.Debug|x86.Build.0 = Debug|Any CPU
		{C913922F-9CB6-4C2E-A35E-1AAD2906B605}.Release|Any CPU.ActiveCfg = Release|Any CPU
		{C913922F-9CB6-4C2E-A35E-1AAD2906B605}.Release|Any CPU.Build.0 = Release|Any CPU
		{C913922F-9CB6-4C2E-A35E-1AAD2906B605}.Release|arm64.ActiveCfg = Release|Any CPU
		{C913922F-9CB6-4C2E-A35E-1AAD2906B605}.Release|arm64.Build.0 = Release|Any CPU
		{C913922F-9CB6-4C2E-A35E-1AAD2906B605}.Release|x64.ActiveCfg = Release|Any CPU
		{C913922F-9CB6-4C2E-A35E-1AAD2906B605}.Release|x64.Build.0 = Release|Any CPU
		{C913922F-9CB6-4C2E-A35E-1AAD2906B605}.Release|x86.ActiveCfg = Release|Any CPU
		{C913922F-9CB6-4C2E-A35E-1AAD2906B605}.Release|x86.Build.0 = Release|Any CPU
		{04499597-D3E7-4DCA-B07D-8F03F6A3EB19}.Debug|Any CPU.ActiveCfg = Debug|Any CPU
		{04499597-D3E7-4DCA-B07D-8F03F6A3EB19}.Debug|Any CPU.Build.0 = Debug|Any CPU
		{04499597-D3E7-4DCA-B07D-8F03F6A3EB19}.Debug|arm64.ActiveCfg = Debug|Any CPU
		{04499597-D3E7-4DCA-B07D-8F03F6A3EB19}.Debug|arm64.Build.0 = Debug|Any CPU
		{04499597-D3E7-4DCA-B07D-8F03F6A3EB19}.Debug|x64.ActiveCfg = Debug|Any CPU
		{04499597-D3E7-4DCA-B07D-8F03F6A3EB19}.Debug|x64.Build.0 = Debug|Any CPU
		{04499597-D3E7-4DCA-B07D-8F03F6A3EB19}.Debug|x86.ActiveCfg = Debug|Any CPU
		{04499597-D3E7-4DCA-B07D-8F03F6A3EB19}.Debug|x86.Build.0 = Debug|Any CPU
		{04499597-D3E7-4DCA-B07D-8F03F6A3EB19}.Release|Any CPU.ActiveCfg = Release|Any CPU
		{04499597-D3E7-4DCA-B07D-8F03F6A3EB19}.Release|Any CPU.Build.0 = Release|Any CPU
		{04499597-D3E7-4DCA-B07D-8F03F6A3EB19}.Release|arm64.ActiveCfg = Release|Any CPU
		{04499597-D3E7-4DCA-B07D-8F03F6A3EB19}.Release|arm64.Build.0 = Release|Any CPU
		{04499597-D3E7-4DCA-B07D-8F03F6A3EB19}.Release|x64.ActiveCfg = Release|Any CPU
		{04499597-D3E7-4DCA-B07D-8F03F6A3EB19}.Release|x64.Build.0 = Release|Any CPU
		{04499597-D3E7-4DCA-B07D-8F03F6A3EB19}.Release|x86.ActiveCfg = Release|Any CPU
		{04499597-D3E7-4DCA-B07D-8F03F6A3EB19}.Release|x86.Build.0 = Release|Any CPU
		{C2305909-70C6-4487-B241-3E852B6A16F2}.Debug|Any CPU.ActiveCfg = Debug|Any CPU
		{C2305909-70C6-4487-B241-3E852B6A16F2}.Debug|Any CPU.Build.0 = Debug|Any CPU
		{C2305909-70C6-4487-B241-3E852B6A16F2}.Debug|arm64.ActiveCfg = Debug|Any CPU
		{C2305909-70C6-4487-B241-3E852B6A16F2}.Debug|arm64.Build.0 = Debug|Any CPU
		{C2305909-70C6-4487-B241-3E852B6A16F2}.Debug|x64.ActiveCfg = Debug|Any CPU
		{C2305909-70C6-4487-B241-3E852B6A16F2}.Debug|x64.Build.0 = Debug|Any CPU
		{C2305909-70C6-4487-B241-3E852B6A16F2}.Debug|x86.ActiveCfg = Debug|Any CPU
		{C2305909-70C6-4487-B241-3E852B6A16F2}.Debug|x86.Build.0 = Debug|Any CPU
		{C2305909-70C6-4487-B241-3E852B6A16F2}.Release|Any CPU.ActiveCfg = Release|Any CPU
		{C2305909-70C6-4487-B241-3E852B6A16F2}.Release|Any CPU.Build.0 = Release|Any CPU
		{C2305909-70C6-4487-B241-3E852B6A16F2}.Release|arm64.ActiveCfg = Release|Any CPU
		{C2305909-70C6-4487-B241-3E852B6A16F2}.Release|arm64.Build.0 = Release|Any CPU
		{C2305909-70C6-4487-B241-3E852B6A16F2}.Release|x64.ActiveCfg = Release|Any CPU
		{C2305909-70C6-4487-B241-3E852B6A16F2}.Release|x64.Build.0 = Release|Any CPU
		{C2305909-70C6-4487-B241-3E852B6A16F2}.Release|x86.ActiveCfg = Release|Any CPU
		{C2305909-70C6-4487-B241-3E852B6A16F2}.Release|x86.Build.0 = Release|Any CPU
		{DCE22903-705D-4A7E-8C65-B088BEB29373}.Debug|Any CPU.ActiveCfg = Debug|Any CPU
		{DCE22903-705D-4A7E-8C65-B088BEB29373}.Debug|Any CPU.Build.0 = Debug|Any CPU
		{DCE22903-705D-4A7E-8C65-B088BEB29373}.Debug|arm64.ActiveCfg = Debug|Any CPU
		{DCE22903-705D-4A7E-8C65-B088BEB29373}.Debug|arm64.Build.0 = Debug|Any CPU
		{DCE22903-705D-4A7E-8C65-B088BEB29373}.Debug|x64.ActiveCfg = Debug|Any CPU
		{DCE22903-705D-4A7E-8C65-B088BEB29373}.Debug|x64.Build.0 = Debug|Any CPU
		{DCE22903-705D-4A7E-8C65-B088BEB29373}.Debug|x86.ActiveCfg = Debug|Any CPU
		{DCE22903-705D-4A7E-8C65-B088BEB29373}.Debug|x86.Build.0 = Debug|Any CPU
		{DCE22903-705D-4A7E-8C65-B088BEB29373}.Release|Any CPU.ActiveCfg = Release|Any CPU
		{DCE22903-705D-4A7E-8C65-B088BEB29373}.Release|Any CPU.Build.0 = Release|Any CPU
		{DCE22903-705D-4A7E-8C65-B088BEB29373}.Release|arm64.ActiveCfg = Release|Any CPU
		{DCE22903-705D-4A7E-8C65-B088BEB29373}.Release|arm64.Build.0 = Release|Any CPU
		{DCE22903-705D-4A7E-8C65-B088BEB29373}.Release|x64.ActiveCfg = Release|Any CPU
		{DCE22903-705D-4A7E-8C65-B088BEB29373}.Release|x64.Build.0 = Release|Any CPU
		{DCE22903-705D-4A7E-8C65-B088BEB29373}.Release|x86.ActiveCfg = Release|Any CPU
		{DCE22903-705D-4A7E-8C65-B088BEB29373}.Release|x86.Build.0 = Release|Any CPU
	EndGlobalSection
	GlobalSection(SolutionProperties) = preSolution
		HideSolutionNode = FALSE
	EndGlobalSection
	GlobalSection(NestedProjects) = preSolution
		{4F751DAA-09C7-4799-9AA1-441F4210BAE5} = {22F75DEF-09B0-4EFE-AE03-A7F226BBCDFB}
		{7AB929E2-FD3D-4A21-9BD5-80979B964D01} = {10BDC324-E33A-40B3-BA33-B0792E92E694}
		{36B72ED1-B5A1-48FA-977C-FC75B7B005C9} = {E4FBDF5A-193E-4929-A259-4243717CF31C}
		{E4FBDF5A-193E-4929-A259-4243717CF31C} = {A940DD92-C7C4-4FE1-AC92-0610DFC5368A}
		{22F75DEF-09B0-4EFE-AE03-A7F226BBCDFB} = {A940DD92-C7C4-4FE1-AC92-0610DFC5368A}
		{10BDC324-E33A-40B3-BA33-B0792E92E694} = {A940DD92-C7C4-4FE1-AC92-0610DFC5368A}
		{F10626E3-B9A3-4233-89B7-B78F3472596D} = {E4FBDF5A-193E-4929-A259-4243717CF31C}
		{37C6F0C3-DA89-406F-BC6A-23A8AC0BDAE6} = {A940DD92-C7C4-4FE1-AC92-0610DFC5368A}
		{DFE8D085-B8CA-4533-B8ED-8CB8B8C82E00} = {22F75DEF-09B0-4EFE-AE03-A7F226BBCDFB}
		{C913922F-9CB6-4C2E-A35E-1AAD2906B605} = {22F75DEF-09B0-4EFE-AE03-A7F226BBCDFB}
		{04499597-D3E7-4DCA-B07D-8F03F6A3EB19} = {10BDC324-E33A-40B3-BA33-B0792E92E694}
		{07A5F0BB-24B1-4C81-91E5-40D127C6ED41} = {A940DD92-C7C4-4FE1-AC92-0610DFC5368A}
		{C2305909-70C6-4487-B241-3E852B6A16F2} = {07A5F0BB-24B1-4C81-91E5-40D127C6ED41}
		{DCE22903-705D-4A7E-8C65-B088BEB29373} = {07A5F0BB-24B1-4C81-91E5-40D127C6ED41}
	EndGlobalSection
	GlobalSection(ExtensibilityGlobals) = postSolution
		SolutionGuid = {06214441-4817-4912-8021-6637827A9447}
	EndGlobalSection
EndGlobal
